// !$*UTF8*$!
{
	archiveVersion = 1;
	classes = {
	};
	objectVersion = 48;
	objects = {

/* Begin PBXBuildFile section */
		840C1367207E010700715A95 /* icon.png in Resources */ = {isa = PBXBuildFile; fileRef = 840C1366207E010700715A95 /* icon.png */; };
		849906FA205DFEAA001985CD /* AppDelegate.swift in Sources */ = {isa = PBXBuildFile; fileRef = 849906F9205DFEAA001985CD /* AppDelegate.swift */; };
		849906FC205DFEAA001985CD /* ViewController.swift in Sources */ = {isa = PBXBuildFile; fileRef = 849906FB205DFEAA001985CD /* ViewController.swift */; };
		849906FF205DFEAA001985CD /* Main.storyboard in Resources */ = {isa = PBXBuildFile; fileRef = 849906FD205DFEAA001985CD /* Main.storyboard */; };
		84990701205DFEAA001985CD /* Assets.xcassets in Resources */ = {isa = PBXBuildFile; fileRef = 84990700205DFEAA001985CD /* Assets.xcassets */; };
		84990704205DFEAA001985CD /* LaunchScreen.storyboard in Resources */ = {isa = PBXBuildFile; fileRef = 84990702205DFEAA001985CD /* LaunchScreen.storyboard */; };
		8499070F205DFEAA001985CD /* Count2Tests.swift in Sources */ = {isa = PBXBuildFile; fileRef = 8499070E205DFEAA001985CD /* Count2Tests.swift */; };
		8499071A205DFEAA001985CD /* Count2UITests.swift in Sources */ = {isa = PBXBuildFile; fileRef = 84990719205DFEAA001985CD /* Count2UITests.swift */; };
		84990728205E01EF001985CD /* 背景.gif in Resources */ = {isa = PBXBuildFile; fileRef = 84990727205E01EE001985CD /* 背景.gif */; };
/* End PBXBuildFile section */

/* Begin PBXContainerItemProxy section */
		8499070B205DFEAA001985CD /* PBXContainerItemProxy */ = {
			isa = PBXContainerItemProxy;
			containerPortal = 849906EE205DFEAA001985CD /* Project object */;
			proxyType = 1;
			remoteGlobalIDString = 849906F5205DFEAA001985CD;
			remoteInfo = Count2;
		};
		84990716205DFEAA001985CD /* PBXContainerItemProxy */ = {
			isa = PBXContainerItemProxy;
			containerPortal = 849906EE205DFEAA001985CD /* Project object */;
			proxyType = 1;
			remoteGlobalIDString = 849906F5205DFEAA001985CD;
			remoteInfo = Count2;
		};
/* End PBXContainerItemProxy section */

/* Begin PBXFileReference section */
		840C1366207E010700715A95 /* icon.png */ = {isa = PBXFileReference; lastKnownFileType = image.png; path = icon.png; sourceTree = "<group>"; };
		849906F6205DFEAA001985CD /* Count2.app */ = {isa = PBXFileReference; explicitFileType = wrapper.application; includeInIndex = 0; path = Count2.app; sourceTree = BUILT_PRODUCTS_DIR; };
		849906F9205DFEAA001985CD /* AppDelegate.swift */ = {isa = PBXFileReference; lastKnownFileType = sourcecode.swift; path = AppDelegate.swift; sourceTree = "<group>"; };
		849906FB205DFEAA001985CD /* ViewController.swift */ = {isa = PBXFileReference; lastKnownFileType = sourcecode.swift; path = ViewController.swift; sourceTree = "<group>"; };
		849906FE205DFEAA001985CD /* Base */ = {isa = PBXFileReference; lastKnownFileType = file.storyboard; name = Base; path = Base.lproj/Main.storyboard; sourceTree = "<group>"; };
		84990700205DFEAA001985CD /* Assets.xcassets */ = {isa = PBXFileReference; lastKnownFileType = folder.assetcatalog; path = Assets.xcassets; sourceTree = "<group>"; };
		84990703205DFEAA001985CD /* Base */ = {isa = PBXFileReference; lastKnownFileType = file.storyboard; name = Base; path = Base.lproj/LaunchScreen.storyboard; sourceTree = "<group>"; };
		84990705205DFEAA001985CD /* Info.plist */ = {isa = PBXFileReference; lastKnownFileType = text.plist.xml; path = Info.plist; sourceTree = "<group>"; };
		8499070A205DFEAA001985CD /* Count2Tests.xctest */ = {isa = PBXFileReference; explicitFileType = wrapper.cfbundle; includeInIndex = 0; path = Count2Tests.xctest; sourceTree = BUILT_PRODUCTS_DIR; };
		8499070E205DFEAA001985CD /* Count2Tests.swift */ = {isa = PBXFileReference; lastKnownFileType = sourcecode.swift; path = Count2Tests.swift; sourceTree = "<group>"; };
		84990710205DFEAA001985CD /* Info.plist */ = {isa = PBXFileReference; lastKnownFileType = text.plist.xml; path = Info.plist; sourceTree = "<group>"; };
		84990715205DFEAA001985CD /* Count2UITests.xctest */ = {isa = PBXFileReference; explicitFileType = wrapper.cfbundle; includeInIndex = 0; path = Count2UITests.xctest; sourceTree = BUILT_PRODUCTS_DIR; };
		84990719205DFEAA001985CD /* Count2UITests.swift */ = {isa = PBXFileReference; lastKnownFileType = sourcecode.swift; path = Count2UITests.swift; sourceTree = "<group>"; };
		8499071B205DFEAA001985CD /* Info.plist */ = {isa = PBXFileReference; lastKnownFileType = text.plist.xml; path = Info.plist; sourceTree = "<group>"; };
		84990727205E01EE001985CD /* 背景.gif */ = {isa = PBXFileReference; lastKnownFileType = image.gif; path = "背景.gif"; sourceTree = "<group>"; };
/* End PBXFileReference section */

/* Begin PBXFrameworksBuildPhase section */
		849906F3205DFEAA001985CD /* Frameworks */ = {
			isa = PBXFrameworksBuildPhase;
			buildActionMask = 2147483647;
			files = (
			);
			runOnlyForDeploymentPostprocessing = 0;
		};
		84990707205DFEAA001985CD /* Frameworks */ = {
			isa = PBXFrameworksBuildPhase;
			buildActionMask = 2147483647;
			files = (
			);
			runOnlyForDeploymentPostprocessing = 0;
		};
		84990712205DFEAA001985CD /* Frameworks */ = {
			isa = PBXFrameworksBuildPhase;
			buildActionMask = 2147483647;
			files = (
			);
			runOnlyForDeploymentPostprocessing = 0;
		};
/* End PBXFrameworksBuildPhase section */

/* Begin PBXGroup section */
		849906ED205DFEAA001985CD = {
			isa = PBXGroup;
			children = (
				849906F8205DFEAA001985CD /* Count2 */,
				8499070D205DFEAA001985CD /* Count2Tests */,
				84990718205DFEAA001985CD /* Count2UITests */,
				849906F7205DFEAA001985CD /* Products */,
			);
			sourceTree = "<group>";
		};
		849906F7205DFEAA001985CD /* Products */ = {
			isa = PBXGroup;
			children = (
				849906F6205DFEAA001985CD /* Count2.app */,
				8499070A205DFEAA001985CD /* Count2Tests.xctest */,
				84990715205DFEAA001985CD /* Count2UITests.xctest */,
			);
			name = Products;
			sourceTree = "<group>";
		};
		849906F8205DFEAA001985CD /* Count2 */ = {
			isa = PBXGroup;
			children = (
				840C1366207E010700715A95 /* icon.png */,
				84990727205E01EE001985CD /* 背景.gif */,
				849906F9205DFEAA001985CD /* AppDelegate.swift */,
				849906FB205DFEAA001985CD /* ViewController.swift */,
				849906FD205DFEAA001985CD /* Main.storyboard */,
				84990700205DFEAA001985CD /* Assets.xcassets */,
				84990702205DFEAA001985CD /* LaunchScreen.storyboard */,
				84990705205DFEAA001985CD /* Info.plist */,
			);
			path = Count2;
			sourceTree = "<group>";
		};
		8499070D205DFEAA001985CD /* Count2Tests */ = {
			isa = PBXGroup;
			children = (
				8499070E205DFEAA001985CD /* Count2Tests.swift */,
				84990710205DFEAA001985CD /* Info.plist */,
			);
			path = Count2Tests;
			sourceTree = "<group>";
		};
		84990718205DFEAA001985CD /* Count2UITests */ = {
			isa = PBXGroup;
			children = (
				84990719205DFEAA001985CD /* Count2UITests.swift */,
				8499071B205DFEAA001985CD /* Info.plist */,
			);
			path = Count2UITests;
			sourceTree = "<group>";
		};
/* End PBXGroup section */

/* Begin PBXNativeTarget section */
		849906F5205DFEAA001985CD /* Count2 */ = {
			isa = PBXNativeTarget;
			buildConfigurationList = 8499071E205DFEAA001985CD /* Build configuration list for PBXNativeTarget "Count2" */;
			buildPhases = (
				849906F2205DFEAA001985CD /* Sources */,
				849906F3205DFEAA001985CD /* Frameworks */,
				849906F4205DFEAA001985CD /* Resources */,
			);
			buildRules = (
			);
			dependencies = (
			);
			name = Count2;
			productName = Count2;
			productReference = 849906F6205DFEAA001985CD /* Count2.app */;
			productType = "com.apple.product-type.application";
		};
		84990709205DFEAA001985CD /* Count2Tests */ = {
			isa = PBXNativeTarget;
			buildConfigurationList = 84990721205DFEAA001985CD /* Build configuration list for PBXNativeTarget "Count2Tests" */;
			buildPhases = (
				84990706205DFEAA001985CD /* Sources */,
				84990707205DFEAA001985CD /* Frameworks */,
				84990708205DFEAA001985CD /* Resources */,
			);
			buildRules = (
			);
			dependencies = (
				8499070C205DFEAA001985CD /* PBXTargetDependency */,
			);
			name = Count2Tests;
			productName = Count2Tests;
			productReference = 8499070A205DFEAA001985CD /* Count2Tests.xctest */;
			productType = "com.apple.product-type.bundle.unit-test";
		};
		84990714205DFEAA001985CD /* Count2UITests */ = {
			isa = PBXNativeTarget;
			buildConfigurationList = 84990724205DFEAA001985CD /* Build configuration list for PBXNativeTarget "Count2UITests" */;
			buildPhases = (
				84990711205DFEAA001985CD /* Sources */,
				84990712205DFEAA001985CD /* Frameworks */,
				84990713205DFEAA001985CD /* Resources */,
			);
			buildRules = (
			);
			dependencies = (
				84990717205DFEAA001985CD /* PBXTargetDependency */,
			);
			name = Count2UITests;
			productName = Count2UITests;
			productReference = 84990715205DFEAA001985CD /* Count2UITests.xctest */;
			productType = "com.apple.product-type.bundle.ui-testing";
		};
/* End PBXNativeTarget section */

/* Begin PBXProject section */
		849906EE205DFEAA001985CD /* Project object */ = {
			isa = PBXProject;
			attributes = {
				LastSwiftUpdateCheck = 0920;
				LastUpgradeCheck = 0920;
				ORGANIZATIONNAME = "Rimika Inoguchi";
				TargetAttributes = {
					849906F5205DFEAA001985CD = {
						CreatedOnToolsVersion = 9.2;
						ProvisioningStyle = Automatic;
					};
					84990709205DFEAA001985CD = {
						CreatedOnToolsVersion = 9.2;
						ProvisioningStyle = Automatic;
						TestTargetID = 849906F5205DFEAA001985CD;
					};
					84990714205DFEAA001985CD = {
						CreatedOnToolsVersion = 9.2;
						ProvisioningStyle = Automatic;
						TestTargetID = 849906F5205DFEAA001985CD;
					};
				};
			};
			buildConfigurationList = 849906F1205DFEAA001985CD /* Build configuration list for PBXProject "Count2" */;
			compatibilityVersion = "Xcode 8.0";
			developmentRegion = en;
			hasScannedForEncodings = 0;
			knownRegions = (
				en,
				Base,
			);
			mainGroup = 849906ED205DFEAA001985CD;
			productRefGroup = 849906F7205DFEAA001985CD /* Products */;
			projectDirPath = "";
			projectRoot = "";
			targets = (
				849906F5205DFEAA001985CD /* Count2 */,
				84990709205DFEAA001985CD /* Count2Tests */,
				84990714205DFEAA001985CD /* Count2UITests */,
			);
		};
/* End PBXProject section */

/* Begin PBXResourcesBuildPhase section */
		849906F4205DFEAA001985CD /* Resources */ = {
			isa = PBXResourcesBuildPhase;
			buildActionMask = 2147483647;
			files = (
				84990704205DFEAA001985CD /* LaunchScreen.storyboard in Resources */,
				840C1367207E010700715A95 /* icon.png in Resources */,
				84990728205E01EF001985CD /* 背景.gif in Resources */,
				84990701205DFEAA001985CD /* Assets.xcassets in Resources */,
				849906FF205DFEAA001985CD /* Main.storyboard in Resources */,
			);
			runOnlyForDeploymentPostprocessing = 0;
		};
		84990708205DFEAA001985CD /* Resources */ = {
			isa = PBXResourcesBuildPhase;
			buildActionMask = 2147483647;
			files = (
			);
			runOnlyForDeploymentPostprocessing = 0;
		};
		84990713205DFEAA001985CD /* Resources */ = {
			isa = PBXResourcesBuildPhase;
			buildActionMask = 2147483647;
			files = (
			);
			runOnlyForDeploymentPostprocessing = 0;
		};
/* End PBXResourcesBuildPhase section */

/* Begin PBXSourcesBuildPhase section */
		849906F2205DFEAA001985CD /* Sources */ = {
			isa = PBXSourcesBuildPhase;
			buildActionMask = 2147483647;
			files = (
				849906FC205DFEAA001985CD /* ViewController.swift in Sources */,
				849906FA205DFEAA001985CD /* AppDelegate.swift in Sources */,
			);
			runOnlyForDeploymentPostprocessing = 0;
		};
		84990706205DFEAA001985CD /* Sources */ = {
			isa = PBXSourcesBuildPhase;
			buildActionMask = 2147483647;
			files = (
				8499070F205DFEAA001985CD /* Count2Tests.swift in Sources */,
			);
			runOnlyForDeploymentPostprocessing = 0;
		};
		84990711205DFEAA001985CD /* Sources */ = {
			isa = PBXSourcesBuildPhase;
			buildActionMask = 2147483647;
			files = (
				8499071A205DFEAA001985CD /* Count2UITests.swift in Sources */,
			);
			runOnlyForDeploymentPostprocessing = 0;
		};
/* End PBXSourcesBuildPhase section */

/* Begin PBXTargetDependency section */
		8499070C205DFEAA001985CD /* PBXTargetDependency */ = {
			isa = PBXTargetDependency;
			target = 849906F5205DFEAA001985CD /* Count2 */;
			targetProxy = 8499070B205DFEAA001985CD /* PBXContainerItemProxy */;
		};
		84990717205DFEAA001985CD /* PBXTargetDependency */ = {
			isa = PBXTargetDependency;
			target = 849906F5205DFEAA001985CD /* Count2 */;
			targetProxy = 84990716205DFEAA001985CD /* PBXContainerItemProxy */;
		};
/* End PBXTargetDependency section */

/* Begin PBXVariantGroup section */
		849906FD205DFEAA001985CD /* Main.storyboard */ = {
			isa = PBXVariantGroup;
			children = (
				849906FE205DFEAA001985CD /* Base */,
			);
			name = Main.storyboard;
			sourceTree = "<group>";
		};
		84990702205DFEAA001985CD /* LaunchScreen.storyboard */ = {
			isa = PBXVariantGroup;
			children = (
				84990703205DFEAA001985CD /* Base */,
			);
			name = LaunchScreen.storyboard;
			sourceTree = "<group>";
		};
/* End PBXVariantGroup section */

/* Begin XCBuildConfiguration section */
		8499071C205DFEAA001985CD /* Debug */ = {
			isa = XCBuildConfiguration;
			buildSettings = {
				ALWAYS_SEARCH_USER_PATHS = NO;
				CLANG_ANALYZER_NONNULL = YES;
				CLANG_ANALYZER_NUMBER_OBJECT_CONVERSION = YES_AGGRESSIVE;
				CLANG_CXX_LANGUAGE_STANDARD = "gnu++14";
				CLANG_CXX_LIBRARY = "libc++";
				CLANG_ENABLE_MODULES = YES;
				CLANG_ENABLE_OBJC_ARC = YES;
				CLANG_WARN_BLOCK_CAPTURE_AUTORELEASING = YES;
				CLANG_WARN_BOOL_CONVERSION = YES;
				CLANG_WARN_COMMA = YES;
				CLANG_WARN_CONSTANT_CONVERSION = YES;
				CLANG_WARN_DIRECT_OBJC_ISA_USAGE = YES_ERROR;
				CLANG_WARN_DOCUMENTATION_COMMENTS = YES;
				CLANG_WARN_EMPTY_BODY = YES;
				CLANG_WARN_ENUM_CONVERSION = YES;
				CLANG_WARN_INFINITE_RECURSION = YES;
				CLANG_WARN_INT_CONVERSION = YES;
				CLANG_WARN_NON_LITERAL_NULL_CONVERSION = YES;
				CLANG_WARN_OBJC_LITERAL_CONVERSION = YES;
				CLANG_WARN_OBJC_ROOT_CLASS = YES_ERROR;
				CLANG_WARN_RANGE_LOOP_ANALYSIS = YES;
				CLANG_WARN_STRICT_PROTOTYPES = YES;
				CLANG_WARN_SUSPICIOUS_MOVE = YES;
				CLANG_WARN_UNGUARDED_AVAILABILITY = YES_AGGRESSIVE;
				CLANG_WARN_UNREACHABLE_CODE = YES;
				CLANG_WARN__DUPLICATE_METHOD_MATCH = YES;
				CODE_SIGN_IDENTITY = "iPhone Developer";
				COPY_PHASE_STRIP = NO;
				DEBUG_INFORMATION_FORMAT = dwarf;
				ENABLE_STRICT_OBJC_MSGSEND = YES;
				ENABLE_TESTABILITY = YES;
				GCC_C_LANGUAGE_STANDARD = gnu11;
				GCC_DYNAMIC_NO_PIC = NO;
				GCC_NO_COMMON_BLOCKS = YES;
				GCC_OPTIMIZATION_LEVEL = 0;
				GCC_PREPROCESSOR_DEFINITIONS = (
					"DEBUG=1",
					"$(inherited)",
				);
				GCC_WARN_64_TO_32_BIT_CONVERSION = YES;
				GCC_WARN_ABOUT_RETURN_TYPE = YES_ERROR;
				GCC_WARN_UNDECLARED_SELECTOR = YES;
				GCC_WARN_UNINITIALIZED_AUTOS = YES_AGGRESSIVE;
				GCC_WARN_UNUSED_FUNCTION = YES;
				GCC_WARN_UNUSED_VARIABLE = YES;
				IPHONEOS_DEPLOYMENT_TARGET = 11.2;
				MTL_ENABLE_DEBUG_INFO = YES;
				ONLY_ACTIVE_ARCH = YES;
				SDKROOT = iphoneos;
				SWIFT_ACTIVE_COMPILATION_CONDITIONS = DEBUG;
				SWIFT_OPTIMIZATION_LEVEL = "-Onone";
			};
			name = Debug;
		};
		8499071D205DFEAA001985CD /* Release */ = {
			isa = XCBuildConfiguration;
			buildSettings = {
				ALWAYS_SEARCH_USER_PATHS = NO;
				CLANG_ANALYZER_NONNULL = YES;
				CLANG_ANALYZER_NUMBER_OBJECT_CONVERSION = YES_AGGRESSIVE;
				CLANG_CXX_LANGUAGE_STANDARD = "gnu++14";
				CLANG_CXX_LIBRARY = "libc++";
				CLANG_ENABLE_MODULES = YES;
				CLANG_ENABLE_OBJC_ARC = YES;
				CLANG_WARN_BLOCK_CAPTURE_AUTORELEASING = YES;
				CLANG_WARN_BOOL_CONVERSION = YES;
				CLANG_WARN_COMMA = YES;
				CLANG_WARN_CONSTANT_CONVERSION = YES;
				CLANG_WARN_DIRECT_OBJC_ISA_USAGE = YES_ERROR;
				CLANG_WARN_DOCUMENTATION_COMMENTS = YES;
				CLANG_WARN_EMPTY_BODY = YES;
				CLANG_WARN_ENUM_CONVERSION = YES;
				CLANG_WARN_INFINITE_RECURSION = YES;
				CLANG_WARN_INT_CONVERSION = YES;
				CLANG_WARN_NON_LITERAL_NULL_CONVERSION = YES;
				CLANG_WARN_OBJC_LITERAL_CONVERSION = YES;
				CLANG_WARN_OBJC_ROOT_CLASS = YES_ERROR;
				CLANG_WARN_RANGE_LOOP_ANALYSIS = YES;
				CLANG_WARN_STRICT_PROTOTYPES = YES;
				CLANG_WARN_SUSPICIOUS_MOVE = YES;
				CLANG_WARN_UNGUARDED_AVAILABILITY = YES_AGGRESSIVE;
				CLANG_WARN_UNREACHABLE_CODE = YES;
				CLANG_WARN__DUPLICATE_METHOD_MATCH = YES;
				CODE_SIGN_IDENTITY = "iPhone Developer";
				COPY_PHASE_STRIP = NO;
				DEBUG_INFORMATION_FORMAT = "dwarf-with-dsym";
				ENABLE_NS_ASSERTIONS = NO;
				ENABLE_STRICT_OBJC_MSGSEND = YES;
				GCC_C_LANGUAGE_STANDARD = gnu11;
				GCC_NO_COMMON_BLOCKS = YES;
				GCC_WARN_64_TO_32_BIT_CONVERSION = YES;
				GCC_WARN_ABOUT_RETURN_TYPE = YES_ERROR;
				GCC_WARN_UNDECLARED_SELECTOR = YES;
				GCC_WARN_UNINITIALIZED_AUTOS = YES_AGGRESSIVE;
				GCC_WARN_UNUSED_FUNCTION = YES;
				GCC_WARN_UNUSED_VARIABLE = YES;
				IPHONEOS_DEPLOYMENT_TARGET = 11.2;
				MTL_ENABLE_DEBUG_INFO = NO;
				SDKROOT = iphoneos;
				SWIFT_OPTIMIZATION_LEVEL = "-Owholemodule";
				VALIDATE_PRODUCT = YES;
			};
			name = Release;
		};
		8499071F205DFEAA001985CD /* Debug */ = {
			isa = XCBuildConfiguration;
			buildSettings = {
				ASSETCATALOG_COMPILER_APPICON_NAME = AppIcon;
				CODE_SIGN_STYLE = Automatic;
				INFOPLIST_FILE = Count2/Info.plist;
				LD_RUNPATH_SEARCH_PATHS = "$(inherited) @executable_path/Frameworks";
				PRODUCT_BUNDLE_IDENTIFIER = com.littech.Count2;
				PRODUCT_NAME = "$(TARGET_NAME)";
				SWIFT_VERSION = 4.0;
				TARGETED_DEVICE_FAMILY = "1,2";
			};
			name = Debug;
		};
		84990720205DFEAA001985CD /* Release */ = {
			isa = XCBuildConfiguration;
			buildSettings = {
				ASSETCATALOG_COMPILER_APPICON_NAME = AppIcon;
				CODE_SIGN_STYLE = Automatic;
				INFOPLIST_FILE = Count2/Info.plist;
				LD_RUNPATH_SEARCH_PATHS = "$(inherited) @executable_path/Frameworks";
				PRODUCT_BUNDLE_IDENTIFIER = com.littech.Count2;
				PRODUCT_NAME = "$(TARGET_NAME)";
				SWIFT_VERSION = 4.0;
				TARGETED_DEVICE_FAMILY = "1,2";
			};
			name = Release;
		};
		84990722205DFEAA001985CD /* Debug */ = {
			isa = XCBuildConfiguration;
			buildSettings = {
				ALWAYS_EMBED_SWIFT_STANDARD_LIBRARIES = YES;
				BUNDLE_LOADER = "$(TEST_HOST)";
				CODE_SIGN_STYLE = Automatic;
				INFOPLIST_FILE = Count2Tests/Info.plist;
				LD_RUNPATH_SEARCH_PATHS = "$(inherited) @executable_path/Frameworks @loader_path/Frameworks";
				PRODUCT_BUNDLE_IDENTIFIER = com.littech.Count2Tests;
				PRODUCT_NAME = "$(TARGET_NAME)";
				SWIFT_VERSION = 4.0;
				TARGETED_DEVICE_FAMILY = "1,2";
				TEST_HOST = "$(BUILT_PRODUCTS_DIR)/Count2.app/Count2";
			};
			name = Debug;
		};
		84990723205DFEAA001985CD /* Release */ = {
			isa = XCBuildConfiguration;
			buildSettings = {
				ALWAYS_EMBED_SWIFT_STANDARD_LIBRARIES = YES;
				BUNDLE_LOADER = "$(TEST_HOST)";
				CODE_SIGN_STYLE = Automatic;
				INFOPLIST_FILE = Count2Tests/Info.plist;
				LD_RUNPATH_SEARCH_PATHS = "$(inherited) @executable_path/Frameworks @loader_path/Frameworks";
				PRODUCT_BUNDLE_IDENTIFIER = com.littech.Count2Tests;
				PRODUCT_NAME = "$(TARGET_NAME)";
				SWIFT_VERSION = 4.0;
				TARGETED_DEVICE_FAMILY = "1,2";
				TEST_HOST = "$(BUILT_PRODUCTS_DIR)/Count2.app/Count2";
			};
			name = Release;
		};
		84990725205DFEAA001985CD /* Debug */ = {
			isa = XCBuildConfiguration;
			buildSettings = {
				ALWAYS_EMBED_SWIFT_STANDARD_LIBRARIES = YES;
				CODE_SIGN_STYLE = Automatic;
				INFOPLIST_FILE = Count2UITests/Info.plist;
				LD_RUNPATH_SEARCH_PATHS = "$(inherited) @executable_path/Frameworks @loader_path/Frameworks";
				PRODUCT_BUNDLE_IDENTIFIER = com.littech.Count2UITests;
				PRODUCT_NAME = "$(TARGET_NAME)";
				SWIFT_VERSION = 4.0;
				TARGETED_DEVICE_FAMILY = "1,2";
				TEST_TARGET_NAME = Count2;
			};
			name = Debug;
		};
		84990726205DFEAA001985CD /* Release */ = {
			isa = XCBuildConfiguration;
			buildSettings = {
				ALWAYS_EMBED_SWIFT_STANDARD_LIBRARIES = YES;
				CODE_SIGN_STYLE = Automatic;
				INFOPLIST_FILE = Count2UITests/Info.plist;
				LD_RUNPATH_SEARCH_PATHS = "$(inherited) @executable_path/Frameworks @loader_path/Frameworks";
				PRODUCT_BUNDLE_IDENTIFIER = com.littech.Count2UITests;
				PRODUCT_NAME = "$(TARGET_NAME)";
				SWIFT_VERSION = 4.0;
				TARGETED_DEVICE_FAMILY = "1,2";
				TEST_TARGET_NAME = Count2;
			};
			name = Release;
		};
/* End XCBuildConfiguration section */

/* Begin XCConfigurationList section */
		849906F1205DFEAA001985CD /* Build configuration list for PBXProject "Count2" */ = {
			isa = XCConfigurationList;
			buildConfigurations = (
				8499071C205DFEAA001985CD /* Debug */,
				8499071D205DFEAA001985CD /* Release */,
			);
			defaultConfigurationIsVisible = 0;
			defaultConfigurationName = Release;
		};
		8499071E205DFEAA001985CD /* Build configuration list for PBXNativeTarget "Count2" */ = {
			isa = XCConfigurationList;
			buildConfigurations = (
				8499071F205DFEAA001985CD /* Debug */,
				84990720205DFEAA001985CD /* Release */,
			);
			defaultConfigurationIsVisible = 0;
			defaultConfigurationName = Release;
		};
		84990721205DFEAA001985CD /* Build configuration list for PBXNativeTarget "Count2Tests" */ = {
			isa = XCConfigurationList;
			buildConfigurations = (
				84990722205DFEAA001985CD /* Debug */,
				84990723205DFEAA001985CD /* Release */,
			);
			defaultConfigurationIsVisible = 0;
			defaultConfigurationName = Release;
		};
		84990724205DFEAA001985CD /* Build configuration list for PBXNativeTarget "Count2UITests" */ = {
			isa = XCConfigurationList;
			buildConfigurations = (
				84990725205DFEAA001985CD /* Debug */,
				84990726205DFEAA001985CD /* Release */,
			);
			defaultConfigurationIsVisible = 0;
			defaultConfigurationName = Release;
		};
/* End XCConfigurationList section */
	};
	rootObject = 849906EE205DFEAA001985CD /* Project object */;
}
